
Microsoft Visual Studio Solution File, Format Version 12.00
# Visual Studio 15
VisualStudioVersion = 15.0.27130.2027
MinimumVisualStudioVersion = 10.0.40219.1
Project("{FAE04EC0-301F-11D3-BF4B-00C04F79EFBC}") = "HW2", "HW2\HW2.csproj", "{261C2006-76C6-42B8-B83D-0CA3513CC1D9}"
EndProject
Project("{FAE04EC0-301F-11D3-BF4B-00C04F79EFBC}") = "HW2Tests", "HW2Tests\HW2Tests.csproj", "{2E0AF4A0-6E22-4EA0-A105-787F044D6290}"
EndProject
Global
	GlobalSection(SolutionConfigurationPlatforms) = preSolution
		Debug|Any CPU = Debug|Any CPU
		Release|Any CPU = Release|Any CPU
	EndGlobalSection
	GlobalSection(ProjectConfigurationPlatforms) = postSolution
		{261C2006-76C6-42B8-B83D-0CA3513CC1D9}.Debug|Any CPU.ActiveCfg = Debug|Any CPU
		{261C2006-76C6-42B8-B83D-0CA3513CC1D9}.Debug|Any CPU.Build.0 = Debug|Any CPU
		{261C2006-76C6-42B8-B83D-0CA3513CC1D9}.Release|Any CPU.ActiveCfg = Release|Any CPU
		{261C2006-76C6-42B8-B83D-0CA3513CC1D9}.Release|Any CPU.Build.0 = Release|Any CPU
		{2E0AF4A0-6E22-4EA0-A105-787F044D6290}.Debug|Any CPU.ActiveCfg = Debug|Any CPU
		{2E0AF4A0-6E22-4EA0-A105-787F044D6290}.Debug|Any CPU.Build.0 = Debug|Any CPU
		{2E0AF4A0-6E22-4EA0-A105-787F044D6290}.Release|Any CPU.ActiveCfg = Release|Any CPU
		{2E0AF4A0-6E22-4EA0-A105-787F044D6290}.Release|Any CPU.Build.0 = Release|Any CPU
	EndGlobalSection
	GlobalSection(SolutionProperties) = preSolution
		HideSolutionNode = FALSE
	EndGlobalSection
	GlobalSection(ExtensibilityGlobals) = postSolution
		SolutionGuid = {1F7AAA1F-49BD-4602-83AC-73462AD26707}
	EndGlobalSection
EndGlobal
