
Microsoft Visual Studio Solution File, Format Version 12.00
# Visual Studio 15
VisualStudioVersion = 15.0.27130.2027
MinimumVisualStudioVersion = 10.0.40219.1
Project("{FAE04EC0-301F-11D3-BF4B-00C04F79EFBC}") = "HW2", "HW2\HW2.csproj", "{0F2B3634-57A8-4FDF-B484-96240DE42295}"
EndProject
Project("{FAE04EC0-301F-11D3-BF4B-00C04F79EFBC}") = "HW2Tests", "HW2Tests\HW2Tests.csproj", "{60B3C1DC-0148-4441-83EB-4D5CCB5BD06E}"
EndProject
Project("{FAE04EC0-301F-11D3-BF4B-00C04F79EFBC}") = "HW2Tests1", "HW2Tests1\HW2Tests1.csproj", "{A2B00CD1-5169-4E7C-9D6B-E7CDFFCDB5EF}"
EndProject
Global
	GlobalSection(SolutionConfigurationPlatforms) = preSolution
		Debug|Any CPU = Debug|Any CPU
		Release|Any CPU = Release|Any CPU
	EndGlobalSection
	GlobalSection(ProjectConfigurationPlatforms) = postSolution
		{0F2B3634-57A8-4FDF-B484-96240DE42295}.Debug|Any CPU.ActiveCfg = Debug|Any CPU
		{0F2B3634-57A8-4FDF-B484-96240DE42295}.Debug|Any CPU.Build.0 = Debug|Any CPU
		{0F2B3634-57A8-4FDF-B484-96240DE42295}.Release|Any CPU.ActiveCfg = Release|Any CPU
		{0F2B3634-57A8-4FDF-B484-96240DE42295}.Release|Any CPU.Build.0 = Release|Any CPU
		{60B3C1DC-0148-4441-83EB-4D5CCB5BD06E}.Debug|Any CPU.ActiveCfg = Debug|Any CPU
		{60B3C1DC-0148-4441-83EB-4D5CCB5BD06E}.Debug|Any CPU.Build.0 = Debug|Any CPU
		{60B3C1DC-0148-4441-83EB-4D5CCB5BD06E}.Release|Any CPU.ActiveCfg = Release|Any CPU
		{60B3C1DC-0148-4441-83EB-4D5CCB5BD06E}.Release|Any CPU.Build.0 = Release|Any CPU
		{A2B00CD1-5169-4E7C-9D6B-E7CDFFCDB5EF}.Debug|Any CPU.ActiveCfg = Debug|Any CPU
		{A2B00CD1-5169-4E7C-9D6B-E7CDFFCDB5EF}.Debug|Any CPU.Build.0 = Debug|Any CPU
		{A2B00CD1-5169-4E7C-9D6B-E7CDFFCDB5EF}.Release|Any CPU.ActiveCfg = Release|Any CPU
		{A2B00CD1-5169-4E7C-9D6B-E7CDFFCDB5EF}.Release|Any CPU.Build.0 = Release|Any CPU
	EndGlobalSection
	GlobalSection(SolutionProperties) = preSolution
		HideSolutionNode = FALSE
	EndGlobalSection
	GlobalSection(ExtensibilityGlobals) = postSolution
		SolutionGuid = {6AE869E9-C1D0-48CB-97A6-FECAFD52D103}
	EndGlobalSection
EndGlobal
