
Microsoft Visual Studio Solution File, Format Version 12.00
# Visual Studio 15
VisualStudioVersion = 15.0.27130.2027
MinimumVisualStudioVersion = 10.0.40219.1
Project("{FAE04EC0-301F-11D3-BF4B-00C04F79EFBC}") = "Assignment7", "Assignment7\Assignment7.csproj", "{C26CF9FC-6B26-4A8B-8DD9-4274A5EB9558}"
EndProject
Project("{FAE04EC0-301F-11D3-BF4B-00C04F79EFBC}") = "Assignment5", "..\Assignment6\Assignment5\Assignment5.csproj", "{2B354214-CDEF-4712-9EAD-6652F166F983}"
EndProject
Project("{FAE04EC0-301F-11D3-BF4B-00C04F79EFBC}") = "Assignment5Tests", "..\Assignment6\Assignment5Tests\Assignment5Tests.csproj", "{3BF45E55-FACB-43EB-B775-4D90CA757E9B}"
EndProject
Global
	GlobalSection(SolutionConfigurationPlatforms) = preSolution
		Debug|Any CPU = Debug|Any CPU
		Release|Any CPU = Release|Any CPU
	EndGlobalSection
	GlobalSection(ProjectConfigurationPlatforms) = postSolution
		{C26CF9FC-6B26-4A8B-8DD9-4274A5EB9558}.Debug|Any CPU.ActiveCfg = Debug|Any CPU
		{C26CF9FC-6B26-4A8B-8DD9-4274A5EB9558}.Debug|Any CPU.Build.0 = Debug|Any CPU
		{C26CF9FC-6B26-4A8B-8DD9-4274A5EB9558}.Release|Any CPU.ActiveCfg = Release|Any CPU
		{C26CF9FC-6B26-4A8B-8DD9-4274A5EB9558}.Release|Any CPU.Build.0 = Release|Any CPU
		{2B354214-CDEF-4712-9EAD-6652F166F983}.Debug|Any CPU.ActiveCfg = Debug|Any CPU
		{2B354214-CDEF-4712-9EAD-6652F166F983}.Debug|Any CPU.Build.0 = Debug|Any CPU
		{2B354214-CDEF-4712-9EAD-6652F166F983}.Release|Any CPU.ActiveCfg = Release|Any CPU
		{2B354214-CDEF-4712-9EAD-6652F166F983}.Release|Any CPU.Build.0 = Release|Any CPU
		{3BF45E55-FACB-43EB-B775-4D90CA757E9B}.Debug|Any CPU.ActiveCfg = Debug|Any CPU
		{3BF45E55-FACB-43EB-B775-4D90CA757E9B}.Debug|Any CPU.Build.0 = Debug|Any CPU
		{3BF45E55-FACB-43EB-B775-4D90CA757E9B}.Release|Any CPU.ActiveCfg = Release|Any CPU
		{3BF45E55-FACB-43EB-B775-4D90CA757E9B}.Release|Any CPU.Build.0 = Release|Any CPU
	EndGlobalSection
	GlobalSection(SolutionProperties) = preSolution
		HideSolutionNode = FALSE
	EndGlobalSection
	GlobalSection(ExtensibilityGlobals) = postSolution
		SolutionGuid = {775BF18A-AEBA-4A52-9415-00B2264B5290}
	EndGlobalSection
EndGlobal
