
Microsoft Visual Studio Solution File, Format Version 12.00
# Visual Studio 15
VisualStudioVersion = 15.0.27130.2027
MinimumVisualStudioVersion = 10.0.40219.1
Project("{FAE04EC0-301F-11D3-BF4B-00C04F79EFBC}") = "Assignment12", "Assignment12\Assignment12.csproj", "{FC0F0635-FF00-43F5-85AD-BDA2BCB1DC92}"
EndProject
Project("{FAE04EC0-301F-11D3-BF4B-00C04F79EFBC}") = "Assignment12Tests", "Assignment12Tests\Assignment12Tests.csproj", "{AF97EECD-FE4E-4B49-8CE8-48F67C94DCBF}"
EndProject
Global
	GlobalSection(SolutionConfigurationPlatforms) = preSolution
		Debug|Any CPU = Debug|Any CPU
		Release|Any CPU = Release|Any CPU
	EndGlobalSection
	GlobalSection(ProjectConfigurationPlatforms) = postSolution
		{FC0F0635-FF00-43F5-85AD-BDA2BCB1DC92}.Debug|Any CPU.ActiveCfg = Debug|Any CPU
		{FC0F0635-FF00-43F5-85AD-BDA2BCB1DC92}.Debug|Any CPU.Build.0 = Debug|Any CPU
		{FC0F0635-FF00-43F5-85AD-BDA2BCB1DC92}.Release|Any CPU.ActiveCfg = Release|Any CPU
		{FC0F0635-FF00-43F5-85AD-BDA2BCB1DC92}.Release|Any CPU.Build.0 = Release|Any CPU
		{AF97EECD-FE4E-4B49-8CE8-48F67C94DCBF}.Debug|Any CPU.ActiveCfg = Debug|Any CPU
		{AF97EECD-FE4E-4B49-8CE8-48F67C94DCBF}.Debug|Any CPU.Build.0 = Debug|Any CPU
		{AF97EECD-FE4E-4B49-8CE8-48F67C94DCBF}.Release|Any CPU.ActiveCfg = Release|Any CPU
		{AF97EECD-FE4E-4B49-8CE8-48F67C94DCBF}.Release|Any CPU.Build.0 = Release|Any CPU
	EndGlobalSection
	GlobalSection(SolutionProperties) = preSolution
		HideSolutionNode = FALSE
	EndGlobalSection
	GlobalSection(ExtensibilityGlobals) = postSolution
		SolutionGuid = {42E8077F-6736-4A23-A580-774C07F2B54B}
	EndGlobalSection
EndGlobal
