
Microsoft Visual Studio Solution File, Format Version 12.00
# Visual Studio 15
VisualStudioVersion = 15.0.27130.2027
MinimumVisualStudioVersion = 10.0.40219.1
Project("{FAE04EC0-301F-11D3-BF4B-00C04F79EFBC}") = "UI", "FinalProject\UI.csproj", "{D01B0D5B-33D3-4733-A8EF-019344822330}"
EndProject
Project("{FAE04EC0-301F-11D3-BF4B-00C04F79EFBC}") = "Model", "Model\Model.csproj", "{321C25D3-E658-4D0E-9013-B82DBC6A2FFB}"
EndProject
Project("{FAE04EC0-301F-11D3-BF4B-00C04F79EFBC}") = "Repository", "Repository\Repository.csproj", "{8FC82B42-7262-4A2E-A907-AF3855B050B5}"
EndProject
Project("{FAE04EC0-301F-11D3-BF4B-00C04F79EFBC}") = "Business", "Business\Business.csproj", "{764C935C-CC5A-4871-BC5D-C8EBF89EB4FE}"
EndProject
Project("{FAE04EC0-301F-11D3-BF4B-00C04F79EFBC}") = "BusinessTests1", "BusinessTests1\BusinessTests1.csproj", "{5CFE4BC7-E06A-48F0-B1DA-7D38E6270CFF}"
EndProject
Project("{FAE04EC0-301F-11D3-BF4B-00C04F79EFBC}") = "RepositoryTests", "RepositoryTests\RepositoryTests.csproj", "{DFB4F193-8B93-475C-8165-9469503408F2}"
EndProject
Global
	GlobalSection(SolutionConfigurationPlatforms) = preSolution
		Debug|Any CPU = Debug|Any CPU
		Release|Any CPU = Release|Any CPU
	EndGlobalSection
	GlobalSection(ProjectConfigurationPlatforms) = postSolution
		{D01B0D5B-33D3-4733-A8EF-019344822330}.Debug|Any CPU.ActiveCfg = Debug|Any CPU
		{D01B0D5B-33D3-4733-A8EF-019344822330}.Debug|Any CPU.Build.0 = Debug|Any CPU
		{D01B0D5B-33D3-4733-A8EF-019344822330}.Release|Any CPU.ActiveCfg = Release|Any CPU
		{D01B0D5B-33D3-4733-A8EF-019344822330}.Release|Any CPU.Build.0 = Release|Any CPU
		{321C25D3-E658-4D0E-9013-B82DBC6A2FFB}.Debug|Any CPU.ActiveCfg = Debug|Any CPU
		{321C25D3-E658-4D0E-9013-B82DBC6A2FFB}.Debug|Any CPU.Build.0 = Debug|Any CPU
		{321C25D3-E658-4D0E-9013-B82DBC6A2FFB}.Release|Any CPU.ActiveCfg = Release|Any CPU
		{321C25D3-E658-4D0E-9013-B82DBC6A2FFB}.Release|Any CPU.Build.0 = Release|Any CPU
		{8FC82B42-7262-4A2E-A907-AF3855B050B5}.Debug|Any CPU.ActiveCfg = Debug|Any CPU
		{8FC82B42-7262-4A2E-A907-AF3855B050B5}.Debug|Any CPU.Build.0 = Debug|Any CPU
		{8FC82B42-7262-4A2E-A907-AF3855B050B5}.Release|Any CPU.ActiveCfg = Release|Any CPU
		{8FC82B42-7262-4A2E-A907-AF3855B050B5}.Release|Any CPU.Build.0 = Release|Any CPU
		{764C935C-CC5A-4871-BC5D-C8EBF89EB4FE}.Debug|Any CPU.ActiveCfg = Debug|Any CPU
		{764C935C-CC5A-4871-BC5D-C8EBF89EB4FE}.Debug|Any CPU.Build.0 = Debug|Any CPU
		{764C935C-CC5A-4871-BC5D-C8EBF89EB4FE}.Release|Any CPU.ActiveCfg = Release|Any CPU
		{764C935C-CC5A-4871-BC5D-C8EBF89EB4FE}.Release|Any CPU.Build.0 = Release|Any CPU
		{5CFE4BC7-E06A-48F0-B1DA-7D38E6270CFF}.Debug|Any CPU.ActiveCfg = Debug|Any CPU
		{5CFE4BC7-E06A-48F0-B1DA-7D38E6270CFF}.Debug|Any CPU.Build.0 = Debug|Any CPU
		{5CFE4BC7-E06A-48F0-B1DA-7D38E6270CFF}.Release|Any CPU.ActiveCfg = Release|Any CPU
		{5CFE4BC7-E06A-48F0-B1DA-7D38E6270CFF}.Release|Any CPU.Build.0 = Release|Any CPU
		{DFB4F193-8B93-475C-8165-9469503408F2}.Debug|Any CPU.ActiveCfg = Debug|Any CPU
		{DFB4F193-8B93-475C-8165-9469503408F2}.Debug|Any CPU.Build.0 = Debug|Any CPU
		{DFB4F193-8B93-475C-8165-9469503408F2}.Release|Any CPU.ActiveCfg = Release|Any CPU
		{DFB4F193-8B93-475C-8165-9469503408F2}.Release|Any CPU.Build.0 = Release|Any CPU
	EndGlobalSection
	GlobalSection(SolutionProperties) = preSolution
		HideSolutionNode = FALSE
	EndGlobalSection
	GlobalSection(ExtensibilityGlobals) = postSolution
		SolutionGuid = {91FF7688-D82C-4751-B480-3DBC969404FF}
	EndGlobalSection
EndGlobal
